
Microsoft Visual Studio Solution File, Format Version 12.00
# Visual Studio Version 16
VisualStudioVersion = 16.0.30406.217
MinimumVisualStudioVersion = 10.0.40219.1
Project("{00D1A9C2-B5F0-4AF3-8072-F6C62B433612}") = "IPL_ANALYSIS_DB", "IPL_ANALYSIS_DB.sqlproj", "{E0F376B9-2258-430A-8B58-CE7DE4304EFD}"
EndProject
Global
	GlobalSection(SolutionConfigurationPlatforms) = preSolution
		Debug|Any CPU = Debug|Any CPU
		Release|Any CPU = Release|Any CPU
	EndGlobalSection
	GlobalSection(ProjectConfigurationPlatforms) = postSolution
		{E0F376B9-2258-430A-8B58-CE7DE4304EFD}.Debug|Any CPU.ActiveCfg = Debug|Any CPU
		{E0F376B9-2258-430A-8B58-CE7DE4304EFD}.Debug|Any CPU.Build.0 = Debug|Any CPU
		{E0F376B9-2258-430A-8B58-CE7DE4304EFD}.Debug|Any CPU.Deploy.0 = Debug|Any CPU
		{E0F376B9-2258-430A-8B58-CE7DE4304EFD}.Release|Any CPU.ActiveCfg = Release|Any CPU
		{E0F376B9-2258-430A-8B58-CE7DE4304EFD}.Release|Any CPU.Build.0 = Release|Any CPU
		{E0F376B9-2258-430A-8B58-CE7DE4304EFD}.Release|Any CPU.Deploy.0 = Release|Any CPU
	EndGlobalSection
	GlobalSection(SolutionProperties) = preSolution
		HideSolutionNode = FALSE
	EndGlobalSection
	GlobalSection(ExtensibilityGlobals) = postSolution
		SolutionGuid = {87B6C9FF-ABBD-44E3-A7E2-506C02BFEDA3}
	EndGlobalSection
EndGlobal
